// !$*UTF8*$!
{
	archiveVersion = 1;
	classes = {
	};
	objectVersion = 55;
	objects = {

/* Begin PBXBuildFile section */
		450FAD66277C4BBC00C3060D /* AppcircleApp.swift in Sources */ = {isa = PBXBuildFile; fileRef = 450FAD65277C4BBC00C3060D /* AppcircleApp.swift */; };
		450FAD68277C4BBC00C3060D /* ContentView.swift in Sources */ = {isa = PBXBuildFile; fileRef = 450FAD67277C4BBC00C3060D /* ContentView.swift */; };
		450FAD6A277C4BBF00C3060D /* Assets.xcassets in Resources */ = {isa = PBXBuildFile; fileRef = 450FAD69277C4BBF00C3060D /* Assets.xcassets */; };
		450FAD6D277C4BBF00C3060D /* Preview Assets.xcassets in Resources */ = {isa = PBXBuildFile; fileRef = 450FAD6C277C4BBF00C3060D /* Preview Assets.xcassets */; };
		450FAD77277C4BBF00C3060D /* AppcircleTests.swift in Sources */ = {isa = PBXBuildFile; fileRef = 450FAD76277C4BBF00C3060D /* AppcircleTests.swift */; };
		450FAD81277C4BBF00C3060D /* AppcircleUITests.swift in Sources */ = {isa = PBXBuildFile; fileRef = 450FAD80277C4BBF00C3060D /* AppcircleUITests.swift */; };
		450FAD83277C4BBF00C3060D /* AppcircleUITestsLaunchTests.swift in Sources */ = {isa = PBXBuildFile; fileRef = 450FAD82277C4BBF00C3060D /* AppcircleUITestsLaunchTests.swift */; };
		450FAD92277C4D4D00C3060D /* FizzBuzzKit in Frameworks */ = {isa = PBXBuildFile; productRef = 450FAD91277C4D4D00C3060D /* FizzBuzzKit */; };
/* End PBXBuildFile section */

/* Begin PBXContainerItemProxy section */
		450FAD73277C4BBF00C3060D /* PBXContainerItemProxy */ = {
			isa = PBXContainerItemProxy;
			containerPortal = 450FAD5A277C4BBC00C3060D /* Project object */;
			proxyType = 1;
			remoteGlobalIDString = 450FAD61277C4BBC00C3060D;
			remoteInfo = Appcircle;
		};
		450FAD7D277C4BBF00C3060D /* PBXContainerItemProxy */ = {
			isa = PBXContainerItemProxy;
			containerPortal = 450FAD5A277C4BBC00C3060D /* Project object */;
			proxyType = 1;
			remoteGlobalIDString = 450FAD61277C4BBC00C3060D;
			remoteInfo = Appcircle;
		};
/* End PBXContainerItemProxy section */

/* Begin PBXFileReference section */
		450FAD62277C4BBC00C3060D /* Appcircle.app */ = {isa = PBXFileReference; explicitFileType = wrapper.application; includeInIndex = 0; path = Appcircle.app; sourceTree = BUILT_PRODUCTS_DIR; };
		450FAD65277C4BBC00C3060D /* AppcircleApp.swift */ = {isa = PBXFileReference; lastKnownFileType = sourcecode.swift; path = AppcircleApp.swift; sourceTree = "<group>"; };
		450FAD67277C4BBC00C3060D /* ContentView.swift */ = {isa = PBXFileReference; lastKnownFileType = sourcecode.swift; path = ContentView.swift; sourceTree = "<group>"; };
		450FAD69277C4BBF00C3060D /* Assets.xcassets */ = {isa = PBXFileReference; lastKnownFileType = folder.assetcatalog; path = Assets.xcassets; sourceTree = "<group>"; };
		450FAD6C277C4BBF00C3060D /* Preview Assets.xcassets */ = {isa = PBXFileReference; lastKnownFileType = folder.assetcatalog; path = "Preview Assets.xcassets"; sourceTree = "<group>"; };
		450FAD72277C4BBF00C3060D /* AppcircleTests.xctest */ = {isa = PBXFileReference; explicitFileType = wrapper.cfbundle; includeInIndex = 0; path = AppcircleTests.xctest; sourceTree = BUILT_PRODUCTS_DIR; };
		450FAD76277C4BBF00C3060D /* AppcircleTests.swift */ = {isa = PBXFileReference; lastKnownFileType = sourcecode.swift; path = AppcircleTests.swift; sourceTree = "<group>"; };
		450FAD7C277C4BBF00C3060D /* AppcircleUITests.xctest */ = {isa = PBXFileReference; explicitFileType = wrapper.cfbundle; includeInIndex = 0; path = AppcircleUITests.xctest; sourceTree = BUILT_PRODUCTS_DIR; };
		450FAD80277C4BBF00C3060D /* AppcircleUITests.swift */ = {isa = PBXFileReference; lastKnownFileType = sourcecode.swift; path = AppcircleUITests.swift; sourceTree = "<group>"; };
		450FAD82277C4BBF00C3060D /* AppcircleUITestsLaunchTests.swift */ = {isa = PBXFileReference; lastKnownFileType = sourcecode.swift; path = AppcircleUITestsLaunchTests.swift; sourceTree = "<group>"; };
		450FAD8F277C4C4600C3060D /* FizzBuzzKit */ = {isa = PBXFileReference; lastKnownFileType = wrapper; path = FizzBuzzKit; sourceTree = "<group>"; };
/* End PBXFileReference section */

/* Begin PBXFrameworksBuildPhase section */
		450FAD5F277C4BBC00C3060D /* Frameworks */ = {
			isa = PBXFrameworksBuildPhase;
			buildActionMask = 2147483647;
			files = (
				450FAD92277C4D4D00C3060D /* FizzBuzzKit in Frameworks */,
			);
			runOnlyForDeploymentPostprocessing = 0;
		};
		450FAD6F277C4BBF00C3060D /* Frameworks */ = {
			isa = PBXFrameworksBuildPhase;
			buildActionMask = 2147483647;
			files = (
			);
			runOnlyForDeploymentPostprocessing = 0;
		};
		450FAD79277C4BBF00C3060D /* Frameworks */ = {
			isa = PBXFrameworksBuildPhase;
			buildActionMask = 2147483647;
			files = (
			);
			runOnlyForDeploymentPostprocessing = 0;
		};
/* End PBXFrameworksBuildPhase section */

/* Begin PBXGroup section */
		450FAD59277C4BBC00C3060D = {
			isa = PBXGroup;
			children = (
				450FAD8F277C4C4600C3060D /* FizzBuzzKit */,
				450FAD64277C4BBC00C3060D /* Appcircle */,
				450FAD75277C4BBF00C3060D /* AppcircleTests */,
				450FAD7F277C4BBF00C3060D /* AppcircleUITests */,
				450FAD63277C4BBC00C3060D /* Products */,
				450FAD90277C4D4D00C3060D /* Frameworks */,
			);
			sourceTree = "<group>";
		};
		450FAD63277C4BBC00C3060D /* Products */ = {
			isa = PBXGroup;
			children = (
				450FAD62277C4BBC00C3060D /* Appcircle.app */,
				450FAD72277C4BBF00C3060D /* AppcircleTests.xctest */,
				450FAD7C277C4BBF00C3060D /* AppcircleUITests.xctest */,
			);
			name = Products;
			sourceTree = "<group>";
		};
		450FAD64277C4BBC00C3060D /* Appcircle */ = {
			isa = PBXGroup;
			children = (
				450FAD65277C4BBC00C3060D /* AppcircleApp.swift */,
				450FAD67277C4BBC00C3060D /* ContentView.swift */,
				450FAD69277C4BBF00C3060D /* Assets.xcassets */,
				450FAD6B277C4BBF00C3060D /* Preview Content */,
			);
			path = Appcircle;
			sourceTree = "<group>";
		};
		450FAD6B277C4BBF00C3060D /* Preview Content */ = {
			isa = PBXGroup;
			children = (
				450FAD6C277C4BBF00C3060D /* Preview Assets.xcassets */,
			);
			path = "Preview Content";
			sourceTree = "<group>";
		};
		450FAD75277C4BBF00C3060D /* AppcircleTests */ = {
			isa = PBXGroup;
			children = (
				450FAD76277C4BBF00C3060D /* AppcircleTests.swift */,
			);
			path = AppcircleTests;
			sourceTree = "<group>";
		};
		450FAD7F277C4BBF00C3060D /* AppcircleUITests */ = {
			isa = PBXGroup;
			children = (
				450FAD80277C4BBF00C3060D /* AppcircleUITests.swift */,
				450FAD82277C4BBF00C3060D /* AppcircleUITestsLaunchTests.swift */,
			);
			path = AppcircleUITests;
			sourceTree = "<group>";
		};
		450FAD90277C4D4D00C3060D /* Frameworks */ = {
			isa = PBXGroup;
			children = (
			);
			name = Frameworks;
			sourceTree = "<group>";
		};
/* End PBXGroup section */

/* Begin PBXNativeTarget section */
		450FAD61277C4BBC00C3060D /* Appcircle */ = {
			isa = PBXNativeTarget;
			buildConfigurationList = 450FAD86277C4BBF00C3060D /* Build configuration list for PBXNativeTarget "Appcircle" */;
			buildPhases = (
				450FAD5E277C4BBC00C3060D /* Sources */,
				450FAD5F277C4BBC00C3060D /* Frameworks */,
				450FAD60277C4BBC00C3060D /* Resources */,
			);
			buildRules = (
			);
			dependencies = (
			);
			name = Appcircle;
			packageProductDependencies = (
				450FAD91277C4D4D00C3060D /* FizzBuzzKit */,
			);
			productName = Appcircle;
			productReference = 450FAD62277C4BBC00C3060D /* Appcircle.app */;
			productType = "com.apple.product-type.application";
		};
		450FAD71277C4BBF00C3060D /* AppcircleTests */ = {
			isa = PBXNativeTarget;
			buildConfigurationList = 450FAD89277C4BBF00C3060D /* Build configuration list for PBXNativeTarget "AppcircleTests" */;
			buildPhases = (
				450FAD6E277C4BBF00C3060D /* Sources */,
				450FAD6F277C4BBF00C3060D /* Frameworks */,
				450FAD70277C4BBF00C3060D /* Resources */,
			);
			buildRules = (
			);
			dependencies = (
				450FAD74277C4BBF00C3060D /* PBXTargetDependency */,
			);
			name = AppcircleTests;
			productName = AppcircleTests;
			productReference = 450FAD72277C4BBF00C3060D /* AppcircleTests.xctest */;
			productType = "com.apple.product-type.bundle.unit-test";
		};
		450FAD7B277C4BBF00C3060D /* AppcircleUITests */ = {
			isa = PBXNativeTarget;
			buildConfigurationList = 450FAD8C277C4BBF00C3060D /* Build configuration list for PBXNativeTarget "AppcircleUITests" */;
			buildPhases = (
				450FAD78277C4BBF00C3060D /* Sources */,
				450FAD79277C4BBF00C3060D /* Frameworks */,
				450FAD7A277C4BBF00C3060D /* Resources */,
			);
			buildRules = (
			);
			dependencies = (
				450FAD7E277C4BBF00C3060D /* PBXTargetDependency */,
			);
			name = AppcircleUITests;
			productName = AppcircleUITests;
			productReference = 450FAD7C277C4BBF00C3060D /* AppcircleUITests.xctest */;
			productType = "com.apple.product-type.bundle.ui-testing";
		};
/* End PBXNativeTarget section */

/* Begin PBXProject section */
		450FAD5A277C4BBC00C3060D /* Project object */ = {
			isa = PBXProject;
			attributes = {
				BuildIndependentTargetsInParallel = 1;
				LastSwiftUpdateCheck = 1320;
				LastUpgradeCheck = 1320;
				TargetAttributes = {
					450FAD61277C4BBC00C3060D = {
						CreatedOnToolsVersion = 13.2.1;
					};
					450FAD71277C4BBF00C3060D = {
						CreatedOnToolsVersion = 13.2.1;
						TestTargetID = 450FAD61277C4BBC00C3060D;
					};
					450FAD7B277C4BBF00C3060D = {
						CreatedOnToolsVersion = 13.2.1;
						TestTargetID = 450FAD61277C4BBC00C3060D;
					};
				};
			};
			buildConfigurationList = 450FAD5D277C4BBC00C3060D /* Build configuration list for PBXProject "Appcircle" */;
			compatibilityVersion = "Xcode 13.0";
			developmentRegion = en;
			hasScannedForEncodings = 0;
			knownRegions = (
				en,
				Base,
			);
			mainGroup = 450FAD59277C4BBC00C3060D;
			productRefGroup = 450FAD63277C4BBC00C3060D /* Products */;
			projectDirPath = "";
			projectRoot = "";
			targets = (
				450FAD61277C4BBC00C3060D /* Appcircle */,
				450FAD71277C4BBF00C3060D /* AppcircleTests */,
				450FAD7B277C4BBF00C3060D /* AppcircleUITests */,
			);
		};
/* End PBXProject section */

/* Begin PBXResourcesBuildPhase section */
		450FAD60277C4BBC00C3060D /* Resources */ = {
			isa = PBXResourcesBuildPhase;
			buildActionMask = 2147483647;
			files = (
				450FAD6D277C4BBF00C3060D /* Preview Assets.xcassets in Resources */,
				450FAD6A277C4BBF00C3060D /* Assets.xcassets in Resources */,
			);
			runOnlyForDeploymentPostprocessing = 0;
		};
		450FAD70277C4BBF00C3060D /* Resources */ = {
			isa = PBXResourcesBuildPhase;
			buildActionMask = 2147483647;
			files = (
			);
			runOnlyForDeploymentPostprocessing = 0;
		};
		450FAD7A277C4BBF00C3060D /* Resources */ = {
			isa = PBXResourcesBuildPhase;
			buildActionMask = 2147483647;
			files = (
			);
			runOnlyForDeploymentPostprocessing = 0;
		};
/* End PBXResourcesBuildPhase section */

/* Begin PBXSourcesBuildPhase section */
		450FAD5E277C4BBC00C3060D /* Sources */ = {
			isa = PBXSourcesBuildPhase;
			buildActionMask = 2147483647;
			files = (
				450FAD68277C4BBC00C3060D /* ContentView.swift in Sources */,
				450FAD66277C4BBC00C3060D /* AppcircleApp.swift in Sources */,
			);
			runOnlyForDeploymentPostprocessing = 0;
		};
		450FAD6E277C4BBF00C3060D /* Sources */ = {
			isa = PBXSourcesBuildPhase;
			buildActionMask = 2147483647;
			files = (
				450FAD77277C4BBF00C3060D /* AppcircleTests.swift in Sources */,
			);
			runOnlyForDeploymentPostprocessing = 0;
		};
		450FAD78277C4BBF00C3060D /* Sources */ = {
			isa = PBXSourcesBuildPhase;
			buildActionMask = 2147483647;
			files = (
				450FAD83277C4BBF00C3060D /* AppcircleUITestsLaunchTests.swift in Sources */,
				450FAD81277C4BBF00C3060D /* AppcircleUITests.swift in Sources */,
			);
			runOnlyForDeploymentPostprocessing = 0;
		};
/* End PBXSourcesBuildPhase section */

/* Begin PBXTargetDependency section */
		450FAD74277C4BBF00C3060D /* PBXTargetDependency */ = {
			isa = PBXTargetDependency;
			target = 450FAD61277C4BBC00C3060D /* Appcircle */;
			targetProxy = 450FAD73277C4BBF00C3060D /* PBXContainerItemProxy */;
		};
		450FAD7E277C4BBF00C3060D /* PBXTargetDependency */ = {
			isa = PBXTargetDependency;
			target = 450FAD61277C4BBC00C3060D /* Appcircle */;
			targetProxy = 450FAD7D277C4BBF00C3060D /* PBXContainerItemProxy */;
		};
/* End PBXTargetDependency section */

/* Begin XCBuildConfiguration section */
		450FAD84277C4BBF00C3060D /* Debug */ = {
			isa = XCBuildConfiguration;
			buildSettings = {
				ALWAYS_SEARCH_USER_PATHS = NO;
				CLANG_ANALYZER_NONNULL = YES;
				CLANG_ANALYZER_NUMBER_OBJECT_CONVERSION = YES_AGGRESSIVE;
				CLANG_CXX_LANGUAGE_STANDARD = "gnu++17";
				CLANG_CXX_LIBRARY = "libc++";
				CLANG_ENABLE_MODULES = YES;
				CLANG_ENABLE_OBJC_ARC = YES;
				CLANG_ENABLE_OBJC_WEAK = YES;
				CLANG_WARN_BLOCK_CAPTURE_AUTORELEASING = YES;
				CLANG_WARN_BOOL_CONVERSION = YES;
				CLANG_WARN_COMMA = YES;
				CLANG_WARN_CONSTANT_CONVERSION = YES;
				CLANG_WARN_DEPRECATED_OBJC_IMPLEMENTATIONS = YES;
				CLANG_WARN_DIRECT_OBJC_ISA_USAGE = YES_ERROR;
				CLANG_WARN_DOCUMENTATION_COMMENTS = YES;
				CLANG_WARN_EMPTY_BODY = YES;
				CLANG_WARN_ENUM_CONVERSION = YES;
				CLANG_WARN_INFINITE_RECURSION = YES;
				CLANG_WARN_INT_CONVERSION = YES;
				CLANG_WARN_NON_LITERAL_NULL_CONVERSION = YES;
				CLANG_WARN_OBJC_IMPLICIT_RETAIN_SELF = YES;
				CLANG_WARN_OBJC_LITERAL_CONVERSION = YES;
				CLANG_WARN_OBJC_ROOT_CLASS = YES_ERROR;
				CLANG_WARN_QUOTED_INCLUDE_IN_FRAMEWORK_HEADER = YES;
				CLANG_WARN_RANGE_LOOP_ANALYSIS = YES;
				CLANG_WARN_STRICT_PROTOTYPES = YES;
				CLANG_WARN_SUSPICIOUS_MOVE = YES;
				CLANG_WARN_UNGUARDED_AVAILABILITY = YES_AGGRESSIVE;
				CLANG_WARN_UNREACHABLE_CODE = YES;
				CLANG_WARN__DUPLICATE_METHOD_MATCH = YES;
				COPY_PHASE_STRIP = NO;
				DEBUG_INFORMATION_FORMAT = dwarf;
				ENABLE_STRICT_OBJC_MSGSEND = YES;
				ENABLE_TESTABILITY = YES;
				GCC_C_LANGUAGE_STANDARD = gnu11;
				GCC_DYNAMIC_NO_PIC = NO;
				GCC_NO_COMMON_BLOCKS = YES;
				GCC_OPTIMIZATION_LEVEL = 0;
				GCC_PREPROCESSOR_DEFINITIONS = (
					"DEBUG=1",
					"$(inherited)",
				);
				GCC_WARN_64_TO_32_BIT_CONVERSION = YES;
				GCC_WARN_ABOUT_RETURN_TYPE = YES_ERROR;
				GCC_WARN_UNDECLARED_SELECTOR = YES;
				GCC_WARN_UNINITIALIZED_AUTOS = YES_AGGRESSIVE;
				GCC_WARN_UNUSED_FUNCTION = YES;
				GCC_WARN_UNUSED_VARIABLE = YES;
				IPHONEOS_DEPLOYMENT_TARGET = 15.2;
				MTL_ENABLE_DEBUG_INFO = INCLUDE_SOURCE;
				MTL_FAST_MATH = YES;
				ONLY_ACTIVE_ARCH = YES;
				SDKROOT = iphoneos;
				SWIFT_ACTIVE_COMPILATION_CONDITIONS = DEBUG;
				SWIFT_OPTIMIZATION_LEVEL = "-Onone";
			};
			name = Debug;
		};
		450FAD85277C4BBF00C3060D /* Release */ = {
			isa = XCBuildConfiguration;
			buildSettings = {
				ALWAYS_SEARCH_USER_PATHS = NO;
				CLANG_ANALYZER_NONNULL = YES;
				CLANG_ANALYZER_NUMBER_OBJECT_CONVERSION = YES_AGGRESSIVE;
				CLANG_CXX_LANGUAGE_STANDARD = "gnu++17";
				CLANG_CXX_LIBRARY = "libc++";
				CLANG_ENABLE_MODULES = YES;
				CLANG_ENABLE_OBJC_ARC = YES;
				CLANG_ENABLE_OBJC_WEAK = YES;
				CLANG_WARN_BLOCK_CAPTURE_AUTORELEASING = YES;
				CLANG_WARN_BOOL_CONVERSION = YES;
				CLANG_WARN_COMMA = YES;
				CLANG_WARN_CONSTANT_CONVERSION = YES;
				CLANG_WARN_DEPRECATED_OBJC_IMPLEMENTATIONS = YES;
				CLANG_WARN_DIRECT_OBJC_ISA_USAGE = YES_ERROR;
				CLANG_WARN_DOCUMENTATION_COMMENTS = YES;
				CLANG_WARN_EMPTY_BODY = YES;
				CLANG_WARN_ENUM_CONVERSION = YES;
				CLANG_WARN_INFINITE_RECURSION = YES;
				CLANG_WARN_INT_CONVERSION = YES;
				CLANG_WARN_NON_LITERAL_NULL_CONVERSION = YES;
				CLANG_WARN_OBJC_IMPLICIT_RETAIN_SELF = YES;
				CLANG_WARN_OBJC_LITERAL_CONVERSION = YES;
				CLANG_WARN_OBJC_ROOT_CLASS = YES_ERROR;
				CLANG_WARN_QUOTED_INCLUDE_IN_FRAMEWORK_HEADER = YES;
				CLANG_WARN_RANGE_LOOP_ANALYSIS = YES;
				CLANG_WARN_STRICT_PROTOTYPES = YES;
				CLANG_WARN_SUSPICIOUS_MOVE = YES;
				CLANG_WARN_UNGUARDED_AVAILABILITY = YES_AGGRESSIVE;
				CLANG_WARN_UNREACHABLE_CODE = YES;
				CLANG_WARN__DUPLICATE_METHOD_MATCH = YES;
				COPY_PHASE_STRIP = NO;
				DEBUG_INFORMATION_FORMAT = "dwarf-with-dsym";
				ENABLE_NS_ASSERTIONS = NO;
				ENABLE_STRICT_OBJC_MSGSEND = YES;
				GCC_C_LANGUAGE_STANDARD = gnu11;
				GCC_NO_COMMON_BLOCKS = YES;
				GCC_WARN_64_TO_32_BIT_CONVERSION = YES;
				GCC_WARN_ABOUT_RETURN_TYPE = YES_ERROR;
				GCC_WARN_UNDECLARED_SELECTOR = YES;
				GCC_WARN_UNINITIALIZED_AUTOS = YES_AGGRESSIVE;
				GCC_WARN_UNUSED_FUNCTION = YES;
				GCC_WARN_UNUSED_VARIABLE = YES;
				IPHONEOS_DEPLOYMENT_TARGET = 15.2;
				MTL_ENABLE_DEBUG_INFO = NO;
				MTL_FAST_MATH = YES;
				SDKROOT = iphoneos;
				SWIFT_COMPILATION_MODE = wholemodule;
				SWIFT_OPTIMIZATION_LEVEL = "-O";
				VALIDATE_PRODUCT = YES;
			};
			name = Release;
		};
		450FAD87277C4BBF00C3060D /* Debug */ = {
			isa = XCBuildConfiguration;
			buildSettings = {
				ASSETCATALOG_COMPILER_APPICON_NAME = AppIcon;
				ASSETCATALOG_COMPILER_GLOBAL_ACCENT_COLOR_NAME = AccentColor;
				CODE_SIGN_STYLE = Automatic;
				CURRENT_PROJECT_VERSION = 1;
				DEVELOPMENT_ASSET_PATHS = "\"Appcircle/Preview Content\"";
				DEVELOPMENT_TEAM = 8U2Z24R99J;
				ENABLE_PREVIEWS = YES;
				GENERATE_INFOPLIST_FILE = YES;
				INFOPLIST_KEY_NSHealthShareUsageDescription = "Health Permission";
				INFOPLIST_KEY_NSNetworkVolumesUsageDescription = "Network Permission";
				INFOPLIST_KEY_UIApplicationSceneManifest_Generation = YES;
				INFOPLIST_KEY_UIApplicationSupportsIndirectInputEvents = YES;
				INFOPLIST_KEY_UILaunchScreen_Generation = YES;
				INFOPLIST_KEY_UISupportedInterfaceOrientations_iPad = "UIInterfaceOrientationPortrait UIInterfaceOrientationPortraitUpsideDown UIInterfaceOrientationLandscapeLeft UIInterfaceOrientationLandscapeRight";
				INFOPLIST_KEY_UISupportedInterfaceOrientations_iPhone = "UIInterfaceOrientationPortrait UIInterfaceOrientationLandscapeLeft UIInterfaceOrientationLandscapeRight";
				LD_RUNPATH_SEARCH_PATHS = (
					"$(inherited)",
					"@executable_path/Frameworks",
				);
				MARKETING_VERSION = 1.0;
				PRODUCT_BUNDLE_IDENTIFIER = io.appcircle.dashboard;
				PRODUCT_NAME = "$(TARGET_NAME)";
				SWIFT_EMIT_LOC_STRINGS = YES;
				SWIFT_VERSION = 5.0;
				TARGETED_DEVICE_FAMILY = "1,2";
			};
			name = Debug;
		};
		450FAD88277C4BBF00C3060D /* Release */ = {
			isa = XCBuildConfiguration;
			buildSettings = {
				ASSETCATALOG_COMPILER_APPICON_NAME = AppIcon;
				ASSETCATALOG_COMPILER_GLOBAL_ACCENT_COLOR_NAME = AccentColor;
				CODE_SIGN_STYLE = Automatic;
				CURRENT_PROJECT_VERSION = 1;
				DEVELOPMENT_ASSET_PATHS = "\"Appcircle/Preview Content\"";
				DEVELOPMENT_TEAM = 8U2Z24R99J;
				ENABLE_PREVIEWS = YES;
				GENERATE_INFOPLIST_FILE = YES;
				INFOPLIST_KEY_NSHealthShareUsageDescription = "Health Permission";
				INFOPLIST_KEY_NSNetworkVolumesUsageDescription = "Network Permission";
				INFOPLIST_KEY_UIApplicationSceneManifest_Generation = YES;
				INFOPLIST_KEY_UIApplicationSupportsIndirectInputEvents = YES;
				INFOPLIST_KEY_UILaunchScreen_Generation = YES;
				INFOPLIST_KEY_UISupportedInterfaceOrientations_iPad = "UIInterfaceOrientationPortrait UIInterfaceOrientationPortraitUpsideDown UIInterfaceOrientationLandscapeLeft UIInterfaceOrientationLandscapeRight";
				INFOPLIST_KEY_UISupportedInterfaceOrientations_iPhone = "UIInterfaceOrientationPortrait UIInterfaceOrientationLandscapeLeft UIInterfaceOrientationLandscapeRight";
				LD_RUNPATH_SEARCH_PATHS = (
					"$(inherited)",
					"@executable_path/Frameworks",
				);
				MARKETING_VERSION = 1.0;
				PRODUCT_BUNDLE_IDENTIFIER = io.appcircle.dashboard;
				PRODUCT_NAME = "$(TARGET_NAME)";
				SWIFT_EMIT_LOC_STRINGS = YES;
				SWIFT_VERSION = 5.0;
				TARGETED_DEVICE_FAMILY = "1,2";
			};
			name = Release;
		};
		450FAD8A277C4BBF00C3060D /* Debug */ = {
			isa = XCBuildConfiguration;
			buildSettings = {
				ALWAYS_EMBED_SWIFT_STANDARD_LIBRARIES = YES;
				BUNDLE_LOADER = "$(TEST_HOST)";
				CODE_SIGN_STYLE = Automatic;
				CURRENT_PROJECT_VERSION = 1;
				GENERATE_INFOPLIST_FILE = YES;
				IPHONEOS_DEPLOYMENT_TARGET = 15.2;
				MARKETING_VERSION = 1.0;
				PRODUCT_BUNDLE_IDENTIFIER = io.appcircle.AppcircleTests;
				PRODUCT_NAME = "$(TARGET_NAME)";
				SWIFT_EMIT_LOC_STRINGS = NO;
				SWIFT_VERSION = 5.0;
				TARGETED_DEVICE_FAMILY = "1,2";
				TEST_HOST = "$(BUILT_PRODUCTS_DIR)/Appcircle.app/Appcircle";
			};
			name = Debug;
		};
		450FAD8B277C4BBF00C3060D /* Release */ = {
			isa = XCBuildConfiguration;
			buildSettings = {
				ALWAYS_EMBED_SWIFT_STANDARD_LIBRARIES = YES;
				BUNDLE_LOADER = "$(TEST_HOST)";
				CODE_SIGN_STYLE = Automatic;
				CURRENT_PROJECT_VERSION = 1;
				GENERATE_INFOPLIST_FILE = YES;
				IPHONEOS_DEPLOYMENT_TARGET = 15.2;
				MARKETING_VERSION = 1.0;
				PRODUCT_BUNDLE_IDENTIFIER = io.appcircle.AppcircleTests;
				PRODUCT_NAME = "$(TARGET_NAME)";
				SWIFT_EMIT_LOC_STRINGS = NO;
				SWIFT_VERSION = 5.0;
				TARGETED_DEVICE_FAMILY = "1,2";
				TEST_HOST = "$(BUILT_PRODUCTS_DIR)/Appcircle.app/Appcircle";
			};
			name = Release;
		};
		450FAD8D277C4BBF00C3060D /* Debug */ = {
			isa = XCBuildConfiguration;
			buildSettings = {
				ALWAYS_EMBED_SWIFT_STANDARD_LIBRARIES = YES;
				CODE_SIGN_STYLE = Automatic;
				CURRENT_PROJECT_VERSION = 1;
				GENERATE_INFOPLIST_FILE = YES;
				MARKETING_VERSION = 1.0;
				PRODUCT_BUNDLE_IDENTIFIER = io.appcircle.AppcircleUITests;
				PRODUCT_NAME = "$(TARGET_NAME)";
				SWIFT_EMIT_LOC_STRINGS = NO;
				SWIFT_VERSION = 5.0;
				TARGETED_DEVICE_FAMILY = "1,2";
				TEST_TARGET_NAME = Appcircle;
			};
			name = Debug;
		};
		450FAD8E277C4BBF00C3060D /* Release */ = {
			isa = XCBuildConfiguration;
			buildSettings = {
				ALWAYS_EMBED_SWIFT_STANDARD_LIBRARIES = YES;
				CODE_SIGN_STYLE = Automatic;
				CURRENT_PROJECT_VERSION = 1;
				GENERATE_INFOPLIST_FILE = YES;
				MARKETING_VERSION = 1.0;
				PRODUCT_BUNDLE_IDENTIFIER = io.appcircle.AppcircleUITests;
				PRODUCT_NAME = "$(TARGET_NAME)";
				SWIFT_EMIT_LOC_STRINGS = NO;
				SWIFT_VERSION = 5.0;
				TARGETED_DEVICE_FAMILY = "1,2";
				TEST_TARGET_NAME = Appcircle;
			};
			name = Release;
		};
/* End XCBuildConfiguration section */

/* Begin XCConfigurationList section */
		450FAD5D277C4BBC00C3060D /* Build configuration list for PBXProject "Appcircle" */ = {
			isa = XCConfigurationList;
			buildConfigurations = (
				450FAD84277C4BBF00C3060D /* Debug */,
				450FAD85277C4BBF00C3060D /* Release */,
			);
			defaultConfigurationIsVisible = 0;
			defaultConfigurationName = Release;
		};
		450FAD86277C4BBF00C3060D /* Build configuration list for PBXNativeTarget "Appcircle" */ = {
			isa = XCConfigurationList;
			buildConfigurations = (
				450FAD87277C4BBF00C3060D /* Debug */,
				450FAD88277C4BBF00C3060D /* Release */,
			);
			defaultConfigurationIsVisible = 0;
			defaultConfigurationName = Release;
		};
		450FAD89277C4BBF00C3060D /* Build configuration list for PBXNativeTarget "AppcircleTests" */ = {
			isa = XCConfigurationList;
			buildConfigurations = (
				450FAD8A277C4BBF00C3060D /* Debug */,
				450FAD8B277C4BBF00C3060D /* Release */,
			);
			defaultConfigurationIsVisible = 0;
			defaultConfigurationName = Release;
		};
		450FAD8C277C4BBF00C3060D /* Build configuration list for PBXNativeTarget "AppcircleUITests" */ = {
			isa = XCConfigurationList;
			buildConfigurations = (
				450FAD8D277C4BBF00C3060D /* Debug */,
				450FAD8E277C4BBF00C3060D /* Release */,
			);
			defaultConfigurationIsVisible = 0;
			defaultConfigurationName = Release;
		};
/* End XCConfigurationList section */

/* Begin XCSwiftPackageProductDependency section */
		450FAD91277C4D4D00C3060D /* FizzBuzzKit */ = {
			isa = XCSwiftPackageProductDependency;
			productName = FizzBuzzKit;
		};
/* End XCSwiftPackageProductDependency section */
	};
	rootObject = 450FAD5A277C4BBC00C3060D /* Project object */;
}
